
Microsoft Visual Studio Solution File, Format Version 12.00
# Visual Studio Version 16
VisualStudioVersion = 16.0.31624.102
MinimumVisualStudioVersion = 10.0.40219.1
Project("{9A19103F-16F7-4668-BE54-9A1E7A4F7556}") = "ExtendedRegistrationBuilder", "ExtendedRegistrationBuilder\ExtendedRegistrationBuilder.csproj", "{9C58D4E1-265A-40BB-8DEB-1F73AF6C2865}"
EndProject
Global
	GlobalSection(SolutionConfigurationPlatforms) = preSolution
		Debug|Any CPU = Debug|Any CPU
		Release|Any CPU = Release|Any CPU
	EndGlobalSection
	GlobalSection(ProjectConfigurationPlatforms) = postSolution
		{9C58D4E1-265A-40BB-8DEB-1F73AF6C2865}.Debug|Any CPU.ActiveCfg = Debug|Any CPU
		{9C58D4E1-265A-40BB-8DEB-1F73AF6C2865}.Debug|Any CPU.Build.0 = Debug|Any CPU
		{9C58D4E1-265A-40BB-8DEB-1F73AF6C2865}.Release|Any CPU.ActiveCfg = Release|Any CPU
		{9C58D4E1-265A-40BB-8DEB-1F73AF6C2865}.Release|Any CPU.Build.0 = Release|Any CPU
	EndGlobalSection
	GlobalSection(SolutionProperties) = preSolution
		HideSolutionNode = FALSE
	EndGlobalSection
	GlobalSection(ExtensibilityGlobals) = postSolution
		SolutionGuid = {4D863B81-34F5-4A4D-A1EF-CFAC2220AA0F}
	EndGlobalSection
EndGlobal
